
Microsoft Visual Studio Solution File, Format Version 12.00
# Visual Studio Version 17
VisualStudioVersion = 17.14.36518.9 d17.14
MinimumVisualStudioVersion = 10.0.40219.1
Project("{F184B08F-C81C-45F6-A57F-5ABD9991F28F}") = "Ajouter un patient", "Ajouter un patient.vbproj", "{8027C27A-B85F-4B6C-8F23-815A110B4656}"
EndProject
Global
	GlobalSection(SolutionConfigurationPlatforms) = preSolution
		Debug|Any CPU = Debug|Any CPU
		Release|Any CPU = Release|Any CPU
	EndGlobalSection
	GlobalSection(ProjectConfigurationPlatforms) = postSolution
		{8027C27A-B85F-4B6C-8F23-815A110B4656}.Debug|Any CPU.ActiveCfg = Debug|Any CPU
		{8027C27A-B85F-4B6C-8F23-815A110B4656}.Debug|Any CPU.Build.0 = Debug|Any CPU
		{8027C27A-B85F-4B6C-8F23-815A110B4656}.Release|Any CPU.ActiveCfg = Release|Any CPU
		{8027C27A-B85F-4B6C-8F23-815A110B4656}.Release|Any CPU.Build.0 = Release|Any CPU
	EndGlobalSection
	GlobalSection(SolutionProperties) = preSolution
		HideSolutionNode = FALSE
	EndGlobalSection
	GlobalSection(ExtensibilityGlobals) = postSolution
		SolutionGuid = {74F071F8-0849-4790-8FCB-A405AA6D74FD}
	EndGlobalSection
EndGlobal
